// !$*UTF8*$!
{
	archiveVersion = 1;
	classes = {
	};
	objectVersion = 46;
	objects = {

/* Begin PBXBuildFile section */
		B302656D1C04679700D7FB1B /* main.m in Sources */ = {isa = PBXBuildFile; fileRef = B302656C1C04679700D7FB1B /* main.m */; };
		B30265701C04679700D7FB1B /* AppDelegate.m in Sources */ = {isa = PBXBuildFile; fileRef = B302656F1C04679700D7FB1B /* AppDelegate.m */; };
		B30265731C04679700D7FB1B /* ViewController.m in Sources */ = {isa = PBXBuildFile; fileRef = B30265721C04679700D7FB1B /* ViewController.m */; };
		B30265761C04679700D7FB1B /* Main.storyboard in Resources */ = {isa = PBXBuildFile; fileRef = B30265741C04679700D7FB1B /* Main.storyboard */; };
		B30265781C04679700D7FB1B /* Assets.xcassets in Resources */ = {isa = PBXBuildFile; fileRef = B30265771C04679700D7FB1B /* Assets.xcassets */; };
		B302657B1C04679700D7FB1B /* LaunchScreen.storyboard in Resources */ = {isa = PBXBuildFile; fileRef = B30265791C04679700D7FB1B /* LaunchScreen.storyboard */; };
		B30265841C0467F100D7FB1B /* UIView+Toast.m in Sources */ = {isa = PBXBuildFile; fileRef = B30265831C0467F100D7FB1B /* UIView+Toast.m */; };
/* End PBXBuildFile section */

/* Begin PBXFileReference section */
		B30265681C04679700D7FB1B /* Toast.app */ = {isa = PBXFileReference; explicitFileType = wrapper.application; includeInIndex = 0; path = Toast.app; sourceTree = BUILT_PRODUCTS_DIR; };
		B302656C1C04679700D7FB1B /* main.m */ = {isa = PBXFileReference; lastKnownFileType = sourcecode.c.objc; path = main.m; sourceTree = "<group>"; };
		B302656E1C04679700D7FB1B /* AppDelegate.h */ = {isa = PBXFileReference; lastKnownFileType = sourcecode.c.h; path = AppDelegate.h; sourceTree = "<group>"; };
		B302656F1C04679700D7FB1B /* AppDelegate.m */ = {isa = PBXFileReference; lastKnownFileType = sourcecode.c.objc; path = AppDelegate.m; sourceTree = "<group>"; };
		B30265711C04679700D7FB1B /* ViewController.h */ = {isa = PBXFileReference; lastKnownFileType = sourcecode.c.h; path = ViewController.h; sourceTree = "<group>"; };
		B30265721C04679700D7FB1B /* ViewController.m */ = {isa = PBXFileReference; lastKnownFileType = sourcecode.c.objc; path = ViewController.m; sourceTree = "<group>"; };
		B30265751C04679700D7FB1B /* Base */ = {isa = PBXFileReference; lastKnownFileType = file.storyboard; name = Base; path = Base.lproj/Main.storyboard; sourceTree = "<group>"; };
		B30265771C04679700D7FB1B /* Assets.xcassets */ = {isa = PBXFileReference; lastKnownFileType = folder.assetcatalog; path = Assets.xcassets; sourceTree = "<group>"; };
		B302657A1C04679700D7FB1B /* Base */ = {isa = PBXFileReference; lastKnownFileType = file.storyboard; name = Base; path = Base.lproj/LaunchScreen.storyboard; sourceTree = "<group>"; };
		B302657C1C04679700D7FB1B /* Info.plist */ = {isa = PBXFileReference; lastKnownFileType = text.plist.xml; path = Info.plist; sourceTree = "<group>"; };
		B30265821C0467F100D7FB1B /* UIView+Toast.h */ = {isa = PBXFileReference; fileEncoding = 4; lastKnownFileType = sourcecode.c.h; path = "UIView+Toast.h"; sourceTree = "<group>"; };
		B30265831C0467F100D7FB1B /* UIView+Toast.m */ = {isa = PBXFileReference; fileEncoding = 4; lastKnownFileType = sourcecode.c.objc; path = "UIView+Toast.m"; sourceTree = "<group>"; };
/* End PBXFileReference section */

/* Begin PBXFrameworksBuildPhase section */
		B30265651C04679700D7FB1B /* Frameworks */ = {
			isa = PBXFrameworksBuildPhase;
			buildActionMask = 2147483647;
			files = (
			);
			runOnlyForDeploymentPostprocessing = 0;
		};
/* End PBXFrameworksBuildPhase section */

/* Begin PBXGroup section */
		B302655F1C04679700D7FB1B = {
			isa = PBXGroup;
			children = (
				B302656A1C04679700D7FB1B /* Toast */,
				B30265691C04679700D7FB1B /* Products */,
			);
			sourceTree = "<group>";
		};
		B30265691C04679700D7FB1B /* Products */ = {
			isa = PBXGroup;
			children = (
				B30265681C04679700D7FB1B /* Toast.app */,
			);
			name = Products;
			sourceTree = "<group>";
		};
		B302656A1C04679700D7FB1B /* Toast */ = {
			isa = PBXGroup;
			children = (
				B302656E1C04679700D7FB1B /* AppDelegate.h */,
				B302656F1C04679700D7FB1B /* AppDelegate.m */,
				B30265821C0467F100D7FB1B /* UIView+Toast.h */,
				B30265831C0467F100D7FB1B /* UIView+Toast.m */,
				B30265711C04679700D7FB1B /* ViewController.h */,
				B30265721C04679700D7FB1B /* ViewController.m */,
				B30265741C04679700D7FB1B /* Main.storyboard */,
				B30265771C04679700D7FB1B /* Assets.xcassets */,
				B30265791C04679700D7FB1B /* LaunchScreen.storyboard */,
				B302657C1C04679700D7FB1B /* Info.plist */,
				B302656B1C04679700D7FB1B /* Supporting Files */,
			);
			path = Toast;
			sourceTree = "<group>";
		};
		B302656B1C04679700D7FB1B /* Supporting Files */ = {
			isa = PBXGroup;
			children = (
				B302656C1C04679700D7FB1B /* main.m */,
			);
			name = "Supporting Files";
			sourceTree = "<group>";
		};
/* End PBXGroup section */

/* Begin PBXNativeTarget section */
		B30265671C04679700D7FB1B /* Toast */ = {
			isa = PBXNativeTarget;
			buildConfigurationList = B302657F1C04679700D7FB1B /* Build configuration list for PBXNativeTarget "Toast" */;
			buildPhases = (
				B30265641C04679700D7FB1B /* Sources */,
				B30265651C04679700D7FB1B /* Frameworks */,
				B30265661C04679700D7FB1B /* Resources */,
			);
			buildRules = (
			);
			dependencies = (
			);
			name = Toast;
			productName = Toast;
			productReference = B30265681C04679700D7FB1B /* Toast.app */;
			productType = "com.apple.product-type.application";
		};
/* End PBXNativeTarget section */

/* Begin PBXProject section */
		B30265601C04679700D7FB1B /* Project object */ = {
			isa = PBXProject;
			attributes = {
				LastUpgradeCheck = 0710;
				ORGANIZATIONNAME = Kemi.;
				TargetAttributes = {
					B30265671C04679700D7FB1B = {
						CreatedOnToolsVersion = 7.1.1;
					};
				};
			};
			buildConfigurationList = B30265631C04679700D7FB1B /* Build configuration list for PBXProject "Toast" */;
			compatibilityVersion = "Xcode 3.2";
			developmentRegion = English;
			hasScannedForEncodings = 0;
			knownRegions = (
				en,
				Base,
			);
			mainGroup = B302655F1C04679700D7FB1B;
			productRefGroup = B30265691C04679700D7FB1B /* Products */;
			projectDirPath = "";
			projectRoot = "";
			targets = (
				B30265671C04679700D7FB1B /* Toast */,
			);
		};
/* End PBXProject section */

/* Begin PBXResourcesBuildPhase section */
		B30265661C04679700D7FB1B /* Resources */ = {
			isa = PBXResourcesBuildPhase;
			buildActionMask = 2147483647;
			files = (
				B302657B1C04679700D7FB1B /* LaunchScreen.storyboard in Resources */,
				B30265781C04679700D7FB1B /* Assets.xcassets in Resources */,
				B30265761C04679700D7FB1B /* Main.storyboard in Resources */,
			);
			runOnlyForDeploymentPostprocessing = 0;
		};
/* End PBXResourcesBuildPhase section */

/* Begin PBXSourcesBuildPhase section */
		B30265641C04679700D7FB1B /* Sources */ = {
			isa = PBXSourcesBuildPhase;
			buildActionMask = 2147483647;
			files = (
				B30265841C0467F100D7FB1B /* UIView+Toast.m in Sources */,
				B30265731C04679700D7FB1B /* ViewController.m in Sources */,
				B30265701C04679700D7FB1B /* AppDelegate.m in Sources */,
				B302656D1C04679700D7FB1B /* main.m in Sources */,
			);
			runOnlyForDeploymentPostprocessing = 0;
		};
/* End PBXSourcesBuildPhase section */

/* Begin PBXVariantGroup section */
		B30265741C04679700D7FB1B /* Main.storyboard */ = {
			isa = PBXVariantGroup;
			children = (
				B30265751C04679700D7FB1B /* Base */,
			);
			name = Main.storyboard;
			sourceTree = "<group>";
		};
		B30265791C04679700D7FB1B /* LaunchScreen.storyboard */ = {
			isa = PBXVariantGroup;
			children = (
				B302657A1C04679700D7FB1B /* Base */,
			);
			name = LaunchScreen.storyboard;
			sourceTree = "<group>";
		};
/* End PBXVariantGroup section */

/* Begin XCBuildConfiguration section */
		B302657D1C04679700D7FB1B /* Debug */ = {
			isa = XCBuildConfiguration;
			buildSettings = {
				ALWAYS_SEARCH_USER_PATHS = NO;
				CLANG_CXX_LANGUAGE_STANDARD = "gnu++0x";
				CLANG_CXX_LIBRARY = "libc++";
				CLANG_ENABLE_MODULES = YES;
				CLANG_ENABLE_OBJC_ARC = YES;
				CLANG_WARN_BOOL_CONVERSION = YES;
				CLANG_WARN_CONSTANT_CONVERSION = YES;
				CLANG_WARN_DIRECT_OBJC_ISA_USAGE = YES_ERROR;
				CLANG_WARN_EMPTY_BODY = YES;
				CLANG_WARN_ENUM_CONVERSION = YES;
				CLANG_WARN_INT_CONVERSION = YES;
				CLANG_WARN_OBJC_ROOT_CLASS = YES_ERROR;
				CLANG_WARN_UNREACHABLE_CODE = YES;
				CLANG_WARN__DUPLICATE_METHOD_MATCH = YES;
				"CODE_SIGN_IDENTITY[sdk=iphoneos*]" = "iPhone Developer";
				COPY_PHASE_STRIP = NO;
				DEBUG_INFORMATION_FORMAT = dwarf;
				ENABLE_STRICT_OBJC_MSGSEND = YES;
				ENABLE_TESTABILITY = YES;
				GCC_C_LANGUAGE_STANDARD = gnu99;
				GCC_DYNAMIC_NO_PIC = NO;
				GCC_NO_COMMON_BLOCKS = YES;
				GCC_OPTIMIZATION_LEVEL = 0;
				GCC_PREPROCESSOR_DEFINITIONS = (
					"DEBUG=1",
					"$(inherited)",
				);
				GCC_WARN_64_TO_32_BIT_CONVERSION = YES;
				GCC_WARN_ABOUT_RETURN_TYPE = YES_ERROR;
				GCC_WARN_UNDECLARED_SELECTOR = YES;
				GCC_WARN_UNINITIALIZED_AUTOS = YES_AGGRESSIVE;
				GCC_WARN_UNUSED_FUNCTION = YES;
				GCC_WARN_UNUSED_VARIABLE = YES;
				IPHONEOS_DEPLOYMENT_TARGET = 9.1;
				MTL_ENABLE_DEBUG_INFO = YES;
				ONLY_ACTIVE_ARCH = YES;
				SDKROOT = iphoneos;
			};
			name = Debug;
		};
		B302657E1C04679700D7FB1B /* Release */ = {
			isa = XCBuildConfiguration;
			buildSettings = {
				ALWAYS_SEARCH_USER_PATHS = NO;
				CLANG_CXX_LANGUAGE_STANDARD = "gnu++0x";
				CLANG_CXX_LIBRARY = "libc++";
				CLANG_ENABLE_MODULES = YES;
				CLANG_ENABLE_OBJC_ARC = YES;
				CLANG_WARN_BOOL_CONVERSION = YES;
				CLANG_WARN_CONSTANT_CONVERSION = YES;
				CLANG_WARN_DIRECT_OBJC_ISA_USAGE = YES_ERROR;
				CLANG_WARN_EMPTY_BODY = YES;
				CLANG_WARN_ENUM_CONVERSION = YES;
				CLANG_WARN_INT_CONVERSION = YES;
				CLANG_WARN_OBJC_ROOT_CLASS = YES_ERROR;
				CLANG_WARN_UNREACHABLE_CODE = YES;
				CLANG_WARN__DUPLICATE_METHOD_MATCH = YES;
				"CODE_SIGN_IDENTITY[sdk=iphoneos*]" = "iPhone Developer";
				COPY_PHASE_STRIP = NO;
				DEBUG_INFORMATION_FORMAT = "dwarf-with-dsym";
				ENABLE_NS_ASSERTIONS = NO;
				ENABLE_STRICT_OBJC_MSGSEND = YES;
				GCC_C_LANGUAGE_STANDARD = gnu99;
				GCC_NO_COMMON_BLOCKS = YES;
				GCC_WARN_64_TO_32_BIT_CONVERSION = YES;
				GCC_WARN_ABOUT_RETURN_TYPE = YES_ERROR;
				GCC_WARN_UNDECLARED_SELECTOR = YES;
				GCC_WARN_UNINITIALIZED_AUTOS = YES_AGGRESSIVE;
				GCC_WARN_UNUSED_FUNCTION = YES;
				GCC_WARN_UNUSED_VARIABLE = YES;
				IPHONEOS_DEPLOYMENT_TARGET = 9.1;
				MTL_ENABLE_DEBUG_INFO = NO;
				SDKROOT = iphoneos;
				VALIDATE_PRODUCT = YES;
			};
			name = Release;
		};
		B30265801C04679700D7FB1B /* Debug */ = {
			isa = XCBuildConfiguration;
			buildSettings = {
				ASSETCATALOG_COMPILER_APPICON_NAME = AppIcon;
				INFOPLIST_FILE = Toast/Info.plist;
				LD_RUNPATH_SEARCH_PATHS = "$(inherited) @executable_path/Frameworks";
				PRODUCT_BUNDLE_IDENTIFIER = com.thomson.Toast;
				PRODUCT_NAME = "$(TARGET_NAME)";
			};
			name = Debug;
		};
		B30265811C04679700D7FB1B /* Release */ = {
			isa = XCBuildConfiguration;
			buildSettings = {
				ASSETCATALOG_COMPILER_APPICON_NAME = AppIcon;
				INFOPLIST_FILE = Toast/Info.plist;
				LD_RUNPATH_SEARCH_PATHS = "$(inherited) @executable_path/Frameworks";
				PRODUCT_BUNDLE_IDENTIFIER = com.thomson.Toast;
				PRODUCT_NAME = "$(TARGET_NAME)";
			};
			name = Release;
		};
/* End XCBuildConfiguration section */

/* Begin XCConfigurationList section */
		B30265631C04679700D7FB1B /* Build configuration list for PBXProject "Toast" */ = {
			isa = XCConfigurationList;
			buildConfigurations = (
				B302657D1C04679700D7FB1B /* Debug */,
				B302657E1C04679700D7FB1B /* Release */,
			);
			defaultConfigurationIsVisible = 0;
			defaultConfigurationName = Release;
		};
		B302657F1C04679700D7FB1B /* Build configuration list for PBXNativeTarget "Toast" */ = {
			isa = XCConfigurationList;
			buildConfigurations = (
				B30265801C04679700D7FB1B /* Debug */,
				B30265811C04679700D7FB1B /* Release */,
			);
			defaultConfigurationIsVisible = 0;
		};
/* End XCConfigurationList section */
	};
	rootObject = B30265601C04679700D7FB1B /* Project object */;
}
